
Microsoft Visual Studio Solution File, Format Version 12.00
# Visual Studio Version 16
VisualStudioVersion = 16.0.32602.291
MinimumVisualStudioVersion = 10.0.40219.1
Project("{FAE04EC0-301F-11D3-BF4B-00C04F79EFBC}") = "MVCExample", "MVCExample\MVCExample.csproj", "{3D84F826-F55A-4064-9389-C2AD59893F0A}"
EndProject
Global
	GlobalSection(SolutionConfigurationPlatforms) = preSolution
		Debug|Any CPU = Debug|Any CPU
		Release|Any CPU = Release|Any CPU
	EndGlobalSection
	GlobalSection(ProjectConfigurationPlatforms) = postSolution
		{3D84F826-F55A-4064-9389-C2AD59893F0A}.Debug|Any CPU.ActiveCfg = Debug|Any CPU
		{3D84F826-F55A-4064-9389-C2AD59893F0A}.Debug|Any CPU.Build.0 = Debug|Any CPU
		{3D84F826-F55A-4064-9389-C2AD59893F0A}.Release|Any CPU.ActiveCfg = Release|Any CPU
		{3D84F826-F55A-4064-9389-C2AD59893F0A}.Release|Any CPU.Build.0 = Release|Any CPU
	EndGlobalSection
	GlobalSection(SolutionProperties) = preSolution
		HideSolutionNode = FALSE
	EndGlobalSection
	GlobalSection(ExtensibilityGlobals) = postSolution
		SolutionGuid = {E2A62D6E-164A-4644-A406-B73DA45A7809}
	EndGlobalSection
EndGlobal
